hash: 4b8be9d83b94039431237047250430134cae8e1efe157249a7539336e06d2105
updated: 2018-07-17T13:31:07.042254651+02:00
imports:
- name: github.com/ajg/form
  version: 523a5da1a92f01b01f840b61689c0340a0243532
- name: github.com/AndreasBriese/bbloom
  version: 28f7e881ca57bc00e028f9ede9f0d9104cfeef5e
- name: github.com/aymerick/raymond
  version: b565731e1464263de0bda75f2e45d97b54b60110
  subpackages:
  - ast
  - lexer
  - parser
- name: github.com/BurntSushi/toml
  version: a368813c5e648fee92e5f6c30e3944ff9d5e8895
- name: github.com/coreos/bbolt
  version: af9db2027c98c61ecd8e17caa5bd265792b9b9a2
- name: github.com/davecgh/go-spew
  version: 8991bc29aa16c548c550c7ff78260e27b9ab7c73
  subpackages:
  - spew
- name: github.com/dgraph-io/badger
  version: be3a85f6a32751997ddee1b298c2113aa7bec157
  subpackages:
  - options
  - protos
  - skl
  - table
  - "y"
- name: github.com/dgryski/go-farm
  version: 2de33835d10275975374b37b2dcfd22c9020a1f5
- name: github.com/eknkc/amber
  version: cdade1c073850f4ffc70a829e31235ea6892853b
  subpackages:
  - parser
- name: github.com/fatih/structs
  version: ebf56d35bba727c68ac77f56f2fcf90b181851aa
- name: github.com/flosch/pongo2
  version: 67f4ff8560dfa2b00920118f228c0a2f68760631
- name: github.com/gavv/monotime
  version: 6f8212e8d10df7383609d3c377ca08884d8f3ec0
- name: github.com/golang/protobuf
  version: 2402d76f3d41f928c7902a765dfc872356dd3aad
  subpackages:
  - proto
- name: github.com/gomodule/redigo
  version: 2cd21d9966bf7ff9ae091419744f0b3fb0fecace
  subpackages:
  - internal
  - redis
- name: github.com/google/go-querystring
  version: 53e6ce116135b80d037921a7fdd5138cf32d7a8a
  subpackages:
  - query
- name: github.com/gorilla/websocket
  version: 5ed622c449da6d44c3c8329331ff47a9e5844f71
- name: github.com/hashicorp/go-version
  version: 78879f5e1be14bb4812abd0bb547a923b5aeac23
- name: github.com/imkira/go-interpol
  version: 5accad8134979a6ac504d456a6c7f1c53da237ca
- name: github.com/iris-contrib/formBinder
  version: ad9fb86c356f971f30319c40ddbdcf72129a2791
- name: github.com/iris-contrib/go.uuid
  version: 36e9d2ebbde5e3f13ab2e25625fd453271d6522e
- name: github.com/iris-contrib/httpexpect
  version: ebe99fcebbcedf6e7916320cce24c3e1832766ac
- name: github.com/iris-contrib/i18n
  version: 987a633949d087ba52207b587792e8c67d65780b
- name: github.com/Joker/jade
  version: 8828253bfc54f2f91aaef5f32b44a244b0a98e4f
- name: github.com/json-iterator/go
  version: ab8a2e0c74be9d3be70b3184d9acc634935ded82
- name: github.com/juju/errors
  version: c7d06af17c68cd34c835053720b21f6549d9b0ee
- name: github.com/kataras/golog
  version: 03be101463868edc5a81f094fc68a5f6c1b5503a
- name: github.com/kataras/pio
  version: a9733b5b6b83d32b479aacd51d26ef6018261963
  subpackages:
  - terminal
- name: github.com/kataras/survey
  version: 00934ae069eda15df26fa427ac393e67e239380c
  subpackages:
  - core
  - terminal
- name: github.com/klauspost/compress
  version: b939724e787a27c0005cabe3f78e7ed7987ac74f
  subpackages:
  - flate
  - gzip
- name: github.com/klauspost/cpuid
  version: e7e905edc00ea8827e58662220139109efea09db
- name: github.com/mattn/go-colorable
  version: ed8eb9e318d7a84ce5915b495b7d35e0cfe7b5a8
  repo: https://github.com/mattn/go-colorable
- name: github.com/mattn/go-isatty
  version: 30a891c33c7cde7b02a981314b4228ec99380cca
- name: github.com/mgutz/ansi
  version: 9520e82c474b0a04dd04f8a40959027271bab992
- name: github.com/microcosm-cc/bluemonday
  version: dafebb5b6ff2861a0d69af64991e10866c19be85
- name: github.com/modern-go/concurrent
  version: bacd9c7ef1dd9b15be4a9909b8ac7a4e313eec94
- name: github.com/modern-go/reflect2
  version: 4b7aa43c6742a2c18fdef89dd197aaae7dac7ccd
- name: github.com/moul/http2curl
  version: 9ac6cf4d929b2fa8fd2d2e6dec5bb0feb4f4911d
- name: github.com/pkg/errors
  version: 816c9085562cd7ee03e7f8188a1cfd942858cded
- name: github.com/pmezard/go-difflib
  version: 792786c7400a136282c1664665ae0a8db921c6c2
  subpackages:
  - difflib
- name: github.com/ryanuber/columnize
  version: abc90934186a77966e2beeac62ed966aac0561d5
- name: github.com/sergi/go-diff
  version: 24e2351369ec4949b2ed0dc5c477afdd4c4034e8
  repo: https://github.com/sergi/go-diff
  subpackages:
  - diffmatchpatch
- name: github.com/shurcooL/sanitized_anchor_name
  version: 86672fcb3f950f35f2e675df2240550f2a50762f
- name: github.com/stretchr/testify
  version: f35b8ab0b5a2cef36673838d662e249dd9c94686
  subpackages:
  - assert
  - require
- name: github.com/valyala/bytebufferpool
  version: e746df99fe4a3986f4d4f79e13c1e0117ce9c2f7
- name: github.com/xeipuuv/gojsonpointer
  version: 4e3ac2762d5f479393488629ee9370b50873b3a6
- name: github.com/xeipuuv/gojsonreference
  version: bd5ef7bd5415a7ac448318e64f11a24cd21e594b
- name: github.com/xeipuuv/gojsonschema
  version: 1d523034197ff1f222f6429836dd36a2457a1874
- name: github.com/yalp/jsonpath
  version: 91a5860ab683d85ac38cbb7cb466a17a673b6ae5
- name: github.com/yudai/gojsondiff
  version: 0525c875b75ca60b9e67ddc44496aa16f21066b0
  subpackages:
  - formatter
- name: github.com/yudai/golcs
  version: d1c525dea8ce39ea9a783d33cf08932305373f2c
  repo: https://github.com/yudai/golcs
- name: golang.org/x/crypto
  version: a49355c7e3f8fe157a85be2f77e6e269a0f89602
  subpackages:
  - acme
  - acme/autocert
- name: golang.org/x/net
  version: f315505cf3349909cdf013ea56690da34e96a451
  subpackages:
  - context
  - html
  - html/atom
  - internal/timeseries
  - publicsuffix
  - trace
- name: golang.org/x/sys
  version: d75a52659825e75fff6158388dddc6a5b04f9ba5
  subpackages:
  - unix
- name: gopkg.in/ini.v1
  version: 358ee7663966325963d4e8b2e1fbd570c5195153
- name: gopkg.in/russross/blackfriday.v2
  version: cadec560ec52d93835bf2f15bd794700d3a2473b
- name: gopkg.in/yaml.v2
  version: e4d366fc3c7938e2958e662b4258c7a89e1f0e3e
testImports: []
